
Microsoft Visual Studio Solution File, Format Version 12.00
# Visual Studio Version 16
VisualStudioVersion = 16.0.31019.35
MinimumVisualStudioVersion = 10.0.40219.1
Project("{9A19103F-16F7-4668-BE54-9A1E7A4F7556}") = "OrganicMarket.Api", "OrganicMarket.Api\OrganicMarket.Api.csproj", "{EDAE2D21-7003-49BA-86E7-23B9D00C0E57}"
EndProject
Project("{9A19103F-16F7-4668-BE54-9A1E7A4F7556}") = "OrganicMarket.Core", "OrganicMarket.Model\OrganicMarket.Core.csproj", "{D39A49B4-5963-4FC4-83A9-54B57693F533}"
EndProject
Project("{9A19103F-16F7-4668-BE54-9A1E7A4F7556}") = "OrganicMarket.Services", "OrganicMarket.Services\OrganicMarket.Services.csproj", "{AC8D4541-6125-4409-8DD6-DFF08D2A17B6}"
EndProject
Project("{9A19103F-16F7-4668-BE54-9A1E7A4F7556}") = "OrganicMarket.Data", "Organic.Data\OrganicMarket.Data.csproj", "{8E10FA55-C26E-4CCE-8494-0FD409E7326F}"
EndProject
Global
	GlobalSection(SolutionConfigurationPlatforms) = preSolution
		Debug|Any CPU = Debug|Any CPU
		Release|Any CPU = Release|Any CPU
	EndGlobalSection
	GlobalSection(ProjectConfigurationPlatforms) = postSolution
		{EDAE2D21-7003-49BA-86E7-23B9D00C0E57}.Debug|Any CPU.ActiveCfg = Debug|Any CPU
		{EDAE2D21-7003-49BA-86E7-23B9D00C0E57}.Debug|Any CPU.Build.0 = Debug|Any CPU
		{EDAE2D21-7003-49BA-86E7-23B9D00C0E57}.Release|Any CPU.ActiveCfg = Release|Any CPU
		{EDAE2D21-7003-49BA-86E7-23B9D00C0E57}.Release|Any CPU.Build.0 = Release|Any CPU
		{D39A49B4-5963-4FC4-83A9-54B57693F533}.Debug|Any CPU.ActiveCfg = Debug|Any CPU
		{D39A49B4-5963-4FC4-83A9-54B57693F533}.Debug|Any CPU.Build.0 = Debug|Any CPU
		{D39A49B4-5963-4FC4-83A9-54B57693F533}.Release|Any CPU.ActiveCfg = Release|Any CPU
		{D39A49B4-5963-4FC4-83A9-54B57693F533}.Release|Any CPU.Build.0 = Release|Any CPU
		{AC8D4541-6125-4409-8DD6-DFF08D2A17B6}.Debug|Any CPU.ActiveCfg = Debug|Any CPU
		{AC8D4541-6125-4409-8DD6-DFF08D2A17B6}.Debug|Any CPU.Build.0 = Debug|Any CPU
		{AC8D4541-6125-4409-8DD6-DFF08D2A17B6}.Release|Any CPU.ActiveCfg = Release|Any CPU
		{AC8D4541-6125-4409-8DD6-DFF08D2A17B6}.Release|Any CPU.Build.0 = Release|Any CPU
		{8E10FA55-C26E-4CCE-8494-0FD409E7326F}.Debug|Any CPU.ActiveCfg = Debug|Any CPU
		{8E10FA55-C26E-4CCE-8494-0FD409E7326F}.Debug|Any CPU.Build.0 = Debug|Any CPU
		{8E10FA55-C26E-4CCE-8494-0FD409E7326F}.Release|Any CPU.ActiveCfg = Release|Any CPU
		{8E10FA55-C26E-4CCE-8494-0FD409E7326F}.Release|Any CPU.Build.0 = Release|Any CPU
	EndGlobalSection
	GlobalSection(SolutionProperties) = preSolution
		HideSolutionNode = FALSE
	EndGlobalSection
	GlobalSection(ExtensibilityGlobals) = postSolution
		SolutionGuid = {A4333BF7-05B0-4F27-A860-B17195C2EA95}
	EndGlobalSection
EndGlobal
